
Microsoft Visual Studio Solution File, Format Version 12.00
# Visual Studio Version 17
VisualStudioVersion = 17.2.32616.157
MinimumVisualStudioVersion = 10.0.40219.1
Project("{FAE04EC0-301F-11D3-BF4B-00C04F79EFBC}") = "ООО «Столовые приборы»", "ООО «Столовые приборы».csproj", "{2E091D0C-D3D5-4704-9D79-5C106C05B1AA}"
EndProject
Global
	GlobalSection(SolutionConfigurationPlatforms) = preSolution
		Debug|Any CPU = Debug|Any CPU
		Release|Any CPU = Release|Any CPU
	EndGlobalSection
	GlobalSection(ProjectConfigurationPlatforms) = postSolution
		{2E091D0C-D3D5-4704-9D79-5C106C05B1AA}.Debug|Any CPU.ActiveCfg = Debug|Any CPU
		{2E091D0C-D3D5-4704-9D79-5C106C05B1AA}.Debug|Any CPU.Build.0 = Debug|Any CPU
		{2E091D0C-D3D5-4704-9D79-5C106C05B1AA}.Release|Any CPU.ActiveCfg = Release|Any CPU
		{2E091D0C-D3D5-4704-9D79-5C106C05B1AA}.Release|Any CPU.Build.0 = Release|Any CPU
	EndGlobalSection
	GlobalSection(SolutionProperties) = preSolution
		HideSolutionNode = FALSE
	EndGlobalSection
	GlobalSection(ExtensibilityGlobals) = postSolution
		SolutionGuid = {21086E73-29D2-487F-9ABB-82570E04C996}
	EndGlobalSection
EndGlobal
